// !$*UTF8*$!
{
	archiveVersion = 1;
	classes = {
	};
	objectVersion = 56;
	objects = {

/* Begin PBXBuildFile section */
		F101B298291BDE47000E3721 /* AppDelegate.swift in Sources */ = {isa = PBXBuildFile; fileRef = F101B297291BDE47000E3721 /* AppDelegate.swift */; };
		F101B29A291BDE47000E3721 /* SceneDelegate.swift in Sources */ = {isa = PBXBuildFile; fileRef = F101B299291BDE47000E3721 /* SceneDelegate.swift */; };
		F101B29C291BDE47000E3721 /* ViewController.swift in Sources */ = {isa = PBXBuildFile; fileRef = F101B29B291BDE47000E3721 /* ViewController.swift */; };
		F101B2A1291BDE48000E3721 /* Assets.xcassets in Resources */ = {isa = PBXBuildFile; fileRef = F101B2A0291BDE48000E3721 /* Assets.xcassets */; };
		F101B2A4291BDE48000E3721 /* LaunchScreen.storyboard in Resources */ = {isa = PBXBuildFile; fileRef = F101B2A2291BDE48000E3721 /* LaunchScreen.storyboard */; };
		F101B2AF291BDE48000E3721 /* MarvelTests.swift in Sources */ = {isa = PBXBuildFile; fileRef = F101B2AE291BDE48000E3721 /* MarvelTests.swift */; };
		F101B2B9291BDE48000E3721 /* MarvelUITests.swift in Sources */ = {isa = PBXBuildFile; fileRef = F101B2B8291BDE48000E3721 /* MarvelUITests.swift */; };
		F101B2BB291BDE48000E3721 /* MarvelUITestsLaunchTests.swift in Sources */ = {isa = PBXBuildFile; fileRef = F101B2BA291BDE48000E3721 /* MarvelUITestsLaunchTests.swift */; };
/* End PBXBuildFile section */

/* Begin PBXContainerItemProxy section */
		F101B2AB291BDE48000E3721 /* PBXContainerItemProxy */ = {
			isa = PBXContainerItemProxy;
			containerPortal = F101B28C291BDE47000E3721 /* Project object */;
			proxyType = 1;
			remoteGlobalIDString = F101B293291BDE47000E3721;
			remoteInfo = Marvel;
		};
		F101B2B5291BDE48000E3721 /* PBXContainerItemProxy */ = {
			isa = PBXContainerItemProxy;
			containerPortal = F101B28C291BDE47000E3721 /* Project object */;
			proxyType = 1;
			remoteGlobalIDString = F101B293291BDE47000E3721;
			remoteInfo = Marvel;
		};
/* End PBXContainerItemProxy section */

/* Begin PBXFileReference section */
		F101B294291BDE47000E3721 /* Marvel.app */ = {isa = PBXFileReference; explicitFileType = wrapper.application; includeInIndex = 0; path = Marvel.app; sourceTree = BUILT_PRODUCTS_DIR; };
		F101B297291BDE47000E3721 /* AppDelegate.swift */ = {isa = PBXFileReference; lastKnownFileType = sourcecode.swift; path = AppDelegate.swift; sourceTree = "<group>"; };
		F101B299291BDE47000E3721 /* SceneDelegate.swift */ = {isa = PBXFileReference; lastKnownFileType = sourcecode.swift; path = SceneDelegate.swift; sourceTree = "<group>"; };
		F101B29B291BDE47000E3721 /* ViewController.swift */ = {isa = PBXFileReference; lastKnownFileType = sourcecode.swift; path = ViewController.swift; sourceTree = "<group>"; };
		F101B2A0291BDE48000E3721 /* Assets.xcassets */ = {isa = PBXFileReference; lastKnownFileType = folder.assetcatalog; path = Assets.xcassets; sourceTree = "<group>"; };
		F101B2A3291BDE48000E3721 /* Base */ = {isa = PBXFileReference; lastKnownFileType = file.storyboard; name = Base; path = Base.lproj/LaunchScreen.storyboard; sourceTree = "<group>"; };
		F101B2A5291BDE48000E3721 /* Info.plist */ = {isa = PBXFileReference; lastKnownFileType = text.plist.xml; path = Info.plist; sourceTree = "<group>"; };
		F101B2AA291BDE48000E3721 /* MarvelTests.xctest */ = {isa = PBXFileReference; explicitFileType = wrapper.cfbundle; includeInIndex = 0; path = MarvelTests.xctest; sourceTree = BUILT_PRODUCTS_DIR; };
		F101B2AE291BDE48000E3721 /* MarvelTests.swift */ = {isa = PBXFileReference; lastKnownFileType = sourcecode.swift; path = MarvelTests.swift; sourceTree = "<group>"; };
		F101B2B4291BDE48000E3721 /* MarvelUITests.xctest */ = {isa = PBXFileReference; explicitFileType = wrapper.cfbundle; includeInIndex = 0; path = MarvelUITests.xctest; sourceTree = BUILT_PRODUCTS_DIR; };
		F101B2B8291BDE48000E3721 /* MarvelUITests.swift */ = {isa = PBXFileReference; lastKnownFileType = sourcecode.swift; path = MarvelUITests.swift; sourceTree = "<group>"; };
		F101B2BA291BDE48000E3721 /* MarvelUITestsLaunchTests.swift */ = {isa = PBXFileReference; lastKnownFileType = sourcecode.swift; path = MarvelUITestsLaunchTests.swift; sourceTree = "<group>"; };
/* End PBXFileReference section */

/* Begin PBXFrameworksBuildPhase section */
		F101B291291BDE47000E3721 /* Frameworks */ = {
			isa = PBXFrameworksBuildPhase;
			buildActionMask = 2147483647;
			files = (
			);
			runOnlyForDeploymentPostprocessing = 0;
		};
		F101B2A7291BDE48000E3721 /* Frameworks */ = {
			isa = PBXFrameworksBuildPhase;
			buildActionMask = 2147483647;
			files = (
			);
			runOnlyForDeploymentPostprocessing = 0;
		};
		F101B2B1291BDE48000E3721 /* Frameworks */ = {
			isa = PBXFrameworksBuildPhase;
			buildActionMask = 2147483647;
			files = (
			);
			runOnlyForDeploymentPostprocessing = 0;
		};
/* End PBXFrameworksBuildPhase section */

/* Begin PBXGroup section */
		F101B28B291BDE47000E3721 = {
			isa = PBXGroup;
			children = (
				F101B296291BDE47000E3721 /* Marvel */,
				F101B2AD291BDE48000E3721 /* MarvelTests */,
				F101B2B7291BDE48000E3721 /* MarvelUITests */,
				F101B295291BDE47000E3721 /* Products */,
			);
			sourceTree = "<group>";
		};
		F101B295291BDE47000E3721 /* Products */ = {
			isa = PBXGroup;
			children = (
				F101B294291BDE47000E3721 /* Marvel.app */,
				F101B2AA291BDE48000E3721 /* MarvelTests.xctest */,
				F101B2B4291BDE48000E3721 /* MarvelUITests.xctest */,
			);
			name = Products;
			sourceTree = "<group>";
		};
		F101B296291BDE47000E3721 /* Marvel */ = {
			isa = PBXGroup;
			children = (
				F101B297291BDE47000E3721 /* AppDelegate.swift */,
				F101B299291BDE47000E3721 /* SceneDelegate.swift */,
				F101B29B291BDE47000E3721 /* ViewController.swift */,
				F101B2A0291BDE48000E3721 /* Assets.xcassets */,
				F101B2A2291BDE48000E3721 /* LaunchScreen.storyboard */,
				F101B2A5291BDE48000E3721 /* Info.plist */,
			);
			path = Marvel;
			sourceTree = "<group>";
		};
		F101B2AD291BDE48000E3721 /* MarvelTests */ = {
			isa = PBXGroup;
			children = (
				F101B2AE291BDE48000E3721 /* MarvelTests.swift */,
			);
			path = MarvelTests;
			sourceTree = "<group>";
		};
		F101B2B7291BDE48000E3721 /* MarvelUITests */ = {
			isa = PBXGroup;
			children = (
				F101B2B8291BDE48000E3721 /* MarvelUITests.swift */,
				F101B2BA291BDE48000E3721 /* MarvelUITestsLaunchTests.swift */,
			);
			path = MarvelUITests;
			sourceTree = "<group>";
		};
/* End PBXGroup section */

/* Begin PBXNativeTarget section */
		F101B293291BDE47000E3721 /* Marvel */ = {
			isa = PBXNativeTarget;
			buildConfigurationList = F101B2BE291BDE48000E3721 /* Build configuration list for PBXNativeTarget "Marvel" */;
			buildPhases = (
				F101B290291BDE47000E3721 /* Sources */,
				F101B291291BDE47000E3721 /* Frameworks */,
				F101B292291BDE47000E3721 /* Resources */,
			);
			buildRules = (
			);
			dependencies = (
			);
			name = Marvel;
			productName = Marvel;
			productReference = F101B294291BDE47000E3721 /* Marvel.app */;
			productType = "com.apple.product-type.application";
		};
		F101B2A9291BDE48000E3721 /* MarvelTests */ = {
			isa = PBXNativeTarget;
			buildConfigurationList = F101B2C1291BDE48000E3721 /* Build configuration list for PBXNativeTarget "MarvelTests" */;
			buildPhases = (
				F101B2A6291BDE48000E3721 /* Sources */,
				F101B2A7291BDE48000E3721 /* Frameworks */,
				F101B2A8291BDE48000E3721 /* Resources */,
			);
			buildRules = (
			);
			dependencies = (
				F101B2AC291BDE48000E3721 /* PBXTargetDependency */,
			);
			name = MarvelTests;
			productName = MarvelTests;
			productReference = F101B2AA291BDE48000E3721 /* MarvelTests.xctest */;
			productType = "com.apple.product-type.bundle.unit-test";
		};
		F101B2B3291BDE48000E3721 /* MarvelUITests */ = {
			isa = PBXNativeTarget;
			buildConfigurationList = F101B2C4291BDE48000E3721 /* Build configuration list for PBXNativeTarget "MarvelUITests" */;
			buildPhases = (
				F101B2B0291BDE48000E3721 /* Sources */,
				F101B2B1291BDE48000E3721 /* Frameworks */,
				F101B2B2291BDE48000E3721 /* Resources */,
			);
			buildRules = (
			);
			dependencies = (
				F101B2B6291BDE48000E3721 /* PBXTargetDependency */,
			);
			name = MarvelUITests;
			productName = MarvelUITests;
			productReference = F101B2B4291BDE48000E3721 /* MarvelUITests.xctest */;
			productType = "com.apple.product-type.bundle.ui-testing";
		};
/* End PBXNativeTarget section */

/* Begin PBXProject section */
		F101B28C291BDE47000E3721 /* Project object */ = {
			isa = PBXProject;
			attributes = {
				BuildIndependentTargetsInParallel = 1;
				LastSwiftUpdateCheck = 1400;
				LastUpgradeCheck = 1400;
				TargetAttributes = {
					F101B293291BDE47000E3721 = {
						CreatedOnToolsVersion = 14.0.1;
					};
					F101B2A9291BDE48000E3721 = {
						CreatedOnToolsVersion = 14.0.1;
						TestTargetID = F101B293291BDE47000E3721;
					};
					F101B2B3291BDE48000E3721 = {
						CreatedOnToolsVersion = 14.0.1;
						TestTargetID = F101B293291BDE47000E3721;
					};
				};
			};
			buildConfigurationList = F101B28F291BDE47000E3721 /* Build configuration list for PBXProject "Marvel" */;
			compatibilityVersion = "Xcode 14.0";
			developmentRegion = en;
			hasScannedForEncodings = 0;
			knownRegions = (
				en,
				Base,
			);
			mainGroup = F101B28B291BDE47000E3721;
			productRefGroup = F101B295291BDE47000E3721 /* Products */;
			projectDirPath = "";
			projectRoot = "";
			targets = (
				F101B293291BDE47000E3721 /* Marvel */,
				F101B2A9291BDE48000E3721 /* MarvelTests */,
				F101B2B3291BDE48000E3721 /* MarvelUITests */,
			);
		};
/* End PBXProject section */

/* Begin PBXResourcesBuildPhase section */
		F101B292291BDE47000E3721 /* Resources */ = {
			isa = PBXResourcesBuildPhase;
			buildActionMask = 2147483647;
			files = (
				F101B2A4291BDE48000E3721 /* LaunchScreen.storyboard in Resources */,
				F101B2A1291BDE48000E3721 /* Assets.xcassets in Resources */,
			);
			runOnlyForDeploymentPostprocessing = 0;
		};
		F101B2A8291BDE48000E3721 /* Resources */ = {
			isa = PBXResourcesBuildPhase;
			buildActionMask = 2147483647;
			files = (
			);
			runOnlyForDeploymentPostprocessing = 0;
		};
		F101B2B2291BDE48000E3721 /* Resources */ = {
			isa = PBXResourcesBuildPhase;
			buildActionMask = 2147483647;
			files = (
			);
			runOnlyForDeploymentPostprocessing = 0;
		};
/* End PBXResourcesBuildPhase section */

/* Begin PBXSourcesBuildPhase section */
		F101B290291BDE47000E3721 /* Sources */ = {
			isa = PBXSourcesBuildPhase;
			buildActionMask = 2147483647;
			files = (
				F101B29C291BDE47000E3721 /* ViewController.swift in Sources */,
				F101B298291BDE47000E3721 /* AppDelegate.swift in Sources */,
				F101B29A291BDE47000E3721 /* SceneDelegate.swift in Sources */,
			);
			runOnlyForDeploymentPostprocessing = 0;
		};
		F101B2A6291BDE48000E3721 /* Sources */ = {
			isa = PBXSourcesBuildPhase;
			buildActionMask = 2147483647;
			files = (
				F101B2AF291BDE48000E3721 /* MarvelTests.swift in Sources */,
			);
			runOnlyForDeploymentPostprocessing = 0;
		};
		F101B2B0291BDE48000E3721 /* Sources */ = {
			isa = PBXSourcesBuildPhase;
			buildActionMask = 2147483647;
			files = (
				F101B2B9291BDE48000E3721 /* MarvelUITests.swift in Sources */,
				F101B2BB291BDE48000E3721 /* MarvelUITestsLaunchTests.swift in Sources */,
			);
			runOnlyForDeploymentPostprocessing = 0;
		};
/* End PBXSourcesBuildPhase section */

/* Begin PBXTargetDependency section */
		F101B2AC291BDE48000E3721 /* PBXTargetDependency */ = {
			isa = PBXTargetDependency;
			target = F101B293291BDE47000E3721 /* Marvel */;
			targetProxy = F101B2AB291BDE48000E3721 /* PBXContainerItemProxy */;
		};
		F101B2B6291BDE48000E3721 /* PBXTargetDependency */ = {
			isa = PBXTargetDependency;
			target = F101B293291BDE47000E3721 /* Marvel */;
			targetProxy = F101B2B5291BDE48000E3721 /* PBXContainerItemProxy */;
		};
/* End PBXTargetDependency section */

/* Begin PBXVariantGroup section */
		F101B2A2291BDE48000E3721 /* LaunchScreen.storyboard */ = {
			isa = PBXVariantGroup;
			children = (
				F101B2A3291BDE48000E3721 /* Base */,
			);
			name = LaunchScreen.storyboard;
			sourceTree = "<group>";
		};
/* End PBXVariantGroup section */

/* Begin XCBuildConfiguration section */
		F101B2BC291BDE48000E3721 /* Debug */ = {
			isa = XCBuildConfiguration;
			buildSettings = {
				ALWAYS_SEARCH_USER_PATHS = NO;
				CLANG_ANALYZER_NONNULL = YES;
				CLANG_ANALYZER_NUMBER_OBJECT_CONVERSION = YES_AGGRESSIVE;
				CLANG_CXX_LANGUAGE_STANDARD = "gnu++20";
				CLANG_ENABLE_MODULES = YES;
				CLANG_ENABLE_OBJC_ARC = YES;
				CLANG_ENABLE_OBJC_WEAK = YES;
				CLANG_WARN_BLOCK_CAPTURE_AUTORELEASING = YES;
				CLANG_WARN_BOOL_CONVERSION = YES;
				CLANG_WARN_COMMA = YES;
				CLANG_WARN_CONSTANT_CONVERSION = YES;
				CLANG_WARN_DEPRECATED_OBJC_IMPLEMENTATIONS = YES;
				CLANG_WARN_DIRECT_OBJC_ISA_USAGE = YES_ERROR;
				CLANG_WARN_DOCUMENTATION_COMMENTS = YES;
				CLANG_WARN_EMPTY_BODY = YES;
				CLANG_WARN_ENUM_CONVERSION = YES;
				CLANG_WARN_INFINITE_RECURSION = YES;
				CLANG_WARN_INT_CONVERSION = YES;
				CLANG_WARN_NON_LITERAL_NULL_CONVERSION = YES;
				CLANG_WARN_OBJC_IMPLICIT_RETAIN_SELF = YES;
				CLANG_WARN_OBJC_LITERAL_CONVERSION = YES;
				CLANG_WARN_OBJC_ROOT_CLASS = YES_ERROR;
				CLANG_WARN_QUOTED_INCLUDE_IN_FRAMEWORK_HEADER = YES;
				CLANG_WARN_RANGE_LOOP_ANALYSIS = YES;
				CLANG_WARN_STRICT_PROTOTYPES = YES;
				CLANG_WARN_SUSPICIOUS_MOVE = YES;
				CLANG_WARN_UNGUARDED_AVAILABILITY = YES_AGGRESSIVE;
				CLANG_WARN_UNREACHABLE_CODE = YES;
				CLANG_WARN__DUPLICATE_METHOD_MATCH = YES;
				COPY_PHASE_STRIP = NO;
				DEBUG_INFORMATION_FORMAT = dwarf;
				ENABLE_STRICT_OBJC_MSGSEND = YES;
				ENABLE_TESTABILITY = YES;
				GCC_C_LANGUAGE_STANDARD = gnu11;
				GCC_DYNAMIC_NO_PIC = NO;
				GCC_NO_COMMON_BLOCKS = YES;
				GCC_OPTIMIZATION_LEVEL = 0;
				GCC_PREPROCESSOR_DEFINITIONS = (
					"DEBUG=1",
					"$(inherited)",
				);
				GCC_WARN_64_TO_32_BIT_CONVERSION = YES;
				GCC_WARN_ABOUT_RETURN_TYPE = YES_ERROR;
				GCC_WARN_UNDECLARED_SELECTOR = YES;
				GCC_WARN_UNINITIALIZED_AUTOS = YES_AGGRESSIVE;
				GCC_WARN_UNUSED_FUNCTION = YES;
				GCC_WARN_UNUSED_VARIABLE = YES;
				IPHONEOS_DEPLOYMENT_TARGET = 16.0;
				MTL_ENABLE_DEBUG_INFO = INCLUDE_SOURCE;
				MTL_FAST_MATH = YES;
				ONLY_ACTIVE_ARCH = YES;
				SDKROOT = iphoneos;
				SWIFT_ACTIVE_COMPILATION_CONDITIONS = DEBUG;
				SWIFT_OPTIMIZATION_LEVEL = "-Onone";
			};
			name = Debug;
		};
		F101B2BD291BDE48000E3721 /* Release */ = {
			isa = XCBuildConfiguration;
			buildSettings = {
				ALWAYS_SEARCH_USER_PATHS = NO;
				CLANG_ANALYZER_NONNULL = YES;
				CLANG_ANALYZER_NUMBER_OBJECT_CONVERSION = YES_AGGRESSIVE;
				CLANG_CXX_LANGUAGE_STANDARD = "gnu++20";
				CLANG_ENABLE_MODULES = YES;
				CLANG_ENABLE_OBJC_ARC = YES;
				CLANG_ENABLE_OBJC_WEAK = YES;
				CLANG_WARN_BLOCK_CAPTURE_AUTORELEASING = YES;
				CLANG_WARN_BOOL_CONVERSION = YES;
				CLANG_WARN_COMMA = YES;
				CLANG_WARN_CONSTANT_CONVERSION = YES;
				CLANG_WARN_DEPRECATED_OBJC_IMPLEMENTATIONS = YES;
				CLANG_WARN_DIRECT_OBJC_ISA_USAGE = YES_ERROR;
				CLANG_WARN_DOCUMENTATION_COMMENTS = YES;
				CLANG_WARN_EMPTY_BODY = YES;
				CLANG_WARN_ENUM_CONVERSION = YES;
				CLANG_WARN_INFINITE_RECURSION = YES;
				CLANG_WARN_INT_CONVERSION = YES;
				CLANG_WARN_NON_LITERAL_NULL_CONVERSION = YES;
				CLANG_WARN_OBJC_IMPLICIT_RETAIN_SELF = YES;
				CLANG_WARN_OBJC_LITERAL_CONVERSION = YES;
				CLANG_WARN_OBJC_ROOT_CLASS = YES_ERROR;
				CLANG_WARN_QUOTED_INCLUDE_IN_FRAMEWORK_HEADER = YES;
				CLANG_WARN_RANGE_LOOP_ANALYSIS = YES;
				CLANG_WARN_STRICT_PROTOTYPES = YES;
				CLANG_WARN_SUSPICIOUS_MOVE = YES;
				CLANG_WARN_UNGUARDED_AVAILABILITY = YES_AGGRESSIVE;
				CLANG_WARN_UNREACHABLE_CODE = YES;
				CLANG_WARN__DUPLICATE_METHOD_MATCH = YES;
				COPY_PHASE_STRIP = NO;
				DEBUG_INFORMATION_FORMAT = "dwarf-with-dsym";
				ENABLE_NS_ASSERTIONS = NO;
				ENABLE_STRICT_OBJC_MSGSEND = YES;
				GCC_C_LANGUAGE_STANDARD = gnu11;
				GCC_NO_COMMON_BLOCKS = YES;
				GCC_WARN_64_TO_32_BIT_CONVERSION = YES;
				GCC_WARN_ABOUT_RETURN_TYPE = YES_ERROR;
				GCC_WARN_UNDECLARED_SELECTOR = YES;
				GCC_WARN_UNINITIALIZED_AUTOS = YES_AGGRESSIVE;
				GCC_WARN_UNUSED_FUNCTION = YES;
				GCC_WARN_UNUSED_VARIABLE = YES;
				IPHONEOS_DEPLOYMENT_TARGET = 16.0;
				MTL_ENABLE_DEBUG_INFO = NO;
				MTL_FAST_MATH = YES;
				SDKROOT = iphoneos;
				SWIFT_COMPILATION_MODE = wholemodule;
				SWIFT_OPTIMIZATION_LEVEL = "-O";
				VALIDATE_PRODUCT = YES;
			};
			name = Release;
		};
		F101B2BF291BDE48000E3721 /* Debug */ = {
			isa = XCBuildConfiguration;
			buildSettings = {
				ASSETCATALOG_COMPILER_APPICON_NAME = AppIcon;
				ASSETCATALOG_COMPILER_GLOBAL_ACCENT_COLOR_NAME = AccentColor;
				CODE_SIGN_STYLE = Automatic;
				CURRENT_PROJECT_VERSION = 1;
				GENERATE_INFOPLIST_FILE = YES;
				INFOPLIST_FILE = Marvel/Info.plist;
				INFOPLIST_KEY_UIApplicationSupportsIndirectInputEvents = YES;
				INFOPLIST_KEY_UILaunchStoryboardName = LaunchScreen;
				INFOPLIST_KEY_UISupportedInterfaceOrientations_iPad = "UIInterfaceOrientationPortrait UIInterfaceOrientationPortraitUpsideDown UIInterfaceOrientationLandscapeLeft UIInterfaceOrientationLandscapeRight";
				INFOPLIST_KEY_UISupportedInterfaceOrientations_iPhone = "UIInterfaceOrientationPortrait UIInterfaceOrientationLandscapeLeft UIInterfaceOrientationLandscapeRight";
				LD_RUNPATH_SEARCH_PATHS = (
					"$(inherited)",
					"@executable_path/Frameworks",
				);
				MARKETING_VERSION = 1.0;
				PRODUCT_BUNDLE_IDENTIFIER = s.Marvel;
				PRODUCT_NAME = "$(TARGET_NAME)";
				SWIFT_EMIT_LOC_STRINGS = YES;
				SWIFT_VERSION = 5.0;
				TARGETED_DEVICE_FAMILY = "1,2";
			};
			name = Debug;
		};
		F101B2C0291BDE48000E3721 /* Release */ = {
			isa = XCBuildConfiguration;
			buildSettings = {
				ASSETCATALOG_COMPILER_APPICON_NAME = AppIcon;
				ASSETCATALOG_COMPILER_GLOBAL_ACCENT_COLOR_NAME = AccentColor;
				CODE_SIGN_STYLE = Automatic;
				CURRENT_PROJECT_VERSION = 1;
				GENERATE_INFOPLIST_FILE = YES;
				INFOPLIST_FILE = Marvel/Info.plist;
				INFOPLIST_KEY_UIApplicationSupportsIndirectInputEvents = YES;
				INFOPLIST_KEY_UILaunchStoryboardName = LaunchScreen;
				INFOPLIST_KEY_UISupportedInterfaceOrientations_iPad = "UIInterfaceOrientationPortrait UIInterfaceOrientationPortraitUpsideDown UIInterfaceOrientationLandscapeLeft UIInterfaceOrientationLandscapeRight";
				INFOPLIST_KEY_UISupportedInterfaceOrientations_iPhone = "UIInterfaceOrientationPortrait UIInterfaceOrientationLandscapeLeft UIInterfaceOrientationLandscapeRight";
				LD_RUNPATH_SEARCH_PATHS = (
					"$(inherited)",
					"@executable_path/Frameworks",
				);
				MARKETING_VERSION = 1.0;
				PRODUCT_BUNDLE_IDENTIFIER = s.Marvel;
				PRODUCT_NAME = "$(TARGET_NAME)";
				SWIFT_EMIT_LOC_STRINGS = YES;
				SWIFT_VERSION = 5.0;
				TARGETED_DEVICE_FAMILY = "1,2";
			};
			name = Release;
		};
		F101B2C2291BDE48000E3721 /* Debug */ = {
			isa = XCBuildConfiguration;
			buildSettings = {
				ALWAYS_EMBED_SWIFT_STANDARD_LIBRARIES = YES;
				BUNDLE_LOADER = "$(TEST_HOST)";
				CODE_SIGN_STYLE = Automatic;
				CURRENT_PROJECT_VERSION = 1;
				GENERATE_INFOPLIST_FILE = YES;
				IPHONEOS_DEPLOYMENT_TARGET = 16.0;
				MARKETING_VERSION = 1.0;
				PRODUCT_BUNDLE_IDENTIFIER = s.MarvelTests;
				PRODUCT_NAME = "$(TARGET_NAME)";
				SWIFT_EMIT_LOC_STRINGS = NO;
				SWIFT_VERSION = 5.0;
				TARGETED_DEVICE_FAMILY = "1,2";
				TEST_HOST = "$(BUILT_PRODUCTS_DIR)/Marvel.app/$(BUNDLE_EXECUTABLE_FOLDER_PATH)/Marvel";
			};
			name = Debug;
		};
		F101B2C3291BDE48000E3721 /* Release */ = {
			isa = XCBuildConfiguration;
			buildSettings = {
				ALWAYS_EMBED_SWIFT_STANDARD_LIBRARIES = YES;
				BUNDLE_LOADER = "$(TEST_HOST)";
				CODE_SIGN_STYLE = Automatic;
				CURRENT_PROJECT_VERSION = 1;
				GENERATE_INFOPLIST_FILE = YES;
				IPHONEOS_DEPLOYMENT_TARGET = 16.0;
				MARKETING_VERSION = 1.0;
				PRODUCT_BUNDLE_IDENTIFIER = s.MarvelTests;
				PRODUCT_NAME = "$(TARGET_NAME)";
				SWIFT_EMIT_LOC_STRINGS = NO;
				SWIFT_VERSION = 5.0;
				TARGETED_DEVICE_FAMILY = "1,2";
				TEST_HOST = "$(BUILT_PRODUCTS_DIR)/Marvel.app/$(BUNDLE_EXECUTABLE_FOLDER_PATH)/Marvel";
			};
			name = Release;
		};
		F101B2C5291BDE48000E3721 /* Debug */ = {
			isa = XCBuildConfiguration;
			buildSettings = {
				ALWAYS_EMBED_SWIFT_STANDARD_LIBRARIES = YES;
				CODE_SIGN_STYLE = Automatic;
				CURRENT_PROJECT_VERSION = 1;
				GENERATE_INFOPLIST_FILE = YES;
				MARKETING_VERSION = 1.0;
				PRODUCT_BUNDLE_IDENTIFIER = s.MarvelUITests;
				PRODUCT_NAME = "$(TARGET_NAME)";
				SWIFT_EMIT_LOC_STRINGS = NO;
				SWIFT_VERSION = 5.0;
				TARGETED_DEVICE_FAMILY = "1,2";
				TEST_TARGET_NAME = Marvel;
			};
			name = Debug;
		};
		F101B2C6291BDE48000E3721 /* Release */ = {
			isa = XCBuildConfiguration;
			buildSettings = {
				ALWAYS_EMBED_SWIFT_STANDARD_LIBRARIES = YES;
				CODE_SIGN_STYLE = Automatic;
				CURRENT_PROJECT_VERSION = 1;
				GENERATE_INFOPLIST_FILE = YES;
				MARKETING_VERSION = 1.0;
				PRODUCT_BUNDLE_IDENTIFIER = s.MarvelUITests;
				PRODUCT_NAME = "$(TARGET_NAME)";
				SWIFT_EMIT_LOC_STRINGS = NO;
				SWIFT_VERSION = 5.0;
				TARGETED_DEVICE_FAMILY = "1,2";
				TEST_TARGET_NAME = Marvel;
			};
			name = Release;
		};
/* End XCBuildConfiguration section */

/* Begin XCConfigurationList section */
		F101B28F291BDE47000E3721 /* Build configuration list for PBXProject "Marvel" */ = {
			isa = XCConfigurationList;
			buildConfigurations = (
				F101B2BC291BDE48000E3721 /* Debug */,
				F101B2BD291BDE48000E3721 /* Release */,
			);
			defaultConfigurationIsVisible = 0;
			defaultConfigurationName = Release;
		};
		F101B2BE291BDE48000E3721 /* Build configuration list for PBXNativeTarget "Marvel" */ = {
			isa = XCConfigurationList;
			buildConfigurations = (
				F101B2BF291BDE48000E3721 /* Debug */,
				F101B2C0291BDE48000E3721 /* Release */,
			);
			defaultConfigurationIsVisible = 0;
			defaultConfigurationName = Release;
		};
		F101B2C1291BDE48000E3721 /* Build configuration list for PBXNativeTarget "MarvelTests" */ = {
			isa = XCConfigurationList;
			buildConfigurations = (
				F101B2C2291BDE48000E3721 /* Debug */,
				F101B2C3291BDE48000E3721 /* Release */,
			);
			defaultConfigurationIsVisible = 0;
			defaultConfigurationName = Release;
		};
		F101B2C4291BDE48000E3721 /* Build configuration list for PBXNativeTarget "MarvelUITests" */ = {
			isa = XCConfigurationList;
			buildConfigurations = (
				F101B2C5291BDE48000E3721 /* Debug */,
				F101B2C6291BDE48000E3721 /* Release */,
			);
			defaultConfigurationIsVisible = 0;
			defaultConfigurationName = Release;
		};
/* End XCConfigurationList section */
	};
	rootObject = F101B28C291BDE47000E3721 /* Project object */;
}
