{
  "pins" : [
    {
      "identity" : "alamofire",
      "kind" : "remoteSourceControl",
      "location" : "https://github.com/Alamofire/Alamofire",
      "state" : {
        "revision" : "59037bfd28aa963a7916f1eb22a74107a3522f16",
        "version" : "5.0.5"
      }
    },
    {
      "identity" : "sdwebimage",
      "kind" : "remoteSourceControl",
      "location" : "https://github.com/SDWebImage/SDWebImage",
      "state" : {
        "revision" : "b6aa428b7d01a36e7857b09b4acb320ad7ee5170",
        "version" : "5.14.0"
      }
    }
  ],
  "version" : 2
}
